
Microsoft Visual Studio Solution File, Format Version 12.00
# Visual Studio Version 16
VisualStudioVersion = 16.0.31515.178
MinimumVisualStudioVersion = 10.0.40219.1
Project("{9A19103F-16F7-4668-BE54-9A1E7A4F7556}") = "WebRtcDemoBackend", "WebRtcDemoBackend\WebRtcDemoBackend.csproj", "{C6CF3141-3371-441B-B3D0-D47A6C477455}"
EndProject
Project("{FAE04EC0-301F-11D3-BF4B-00C04F79EFBC}") = "WebRtcDemoBackend.Models", "WebRtcDemoBackend.Models\WebRtcDemoBackend.Models.csproj", "{862834CB-F89B-43BC-9335-0995C947206D}"
EndProject
Project("{FAE04EC0-301F-11D3-BF4B-00C04F79EFBC}") = "WebRtcDemoBackend.DAL", "WebRtcDemoBackend.DAL\WebRtcDemoBackend.DAL.csproj", "{3D875D62-D50D-416E-A6C6-A2370B4200C5}"
EndProject
Global
	GlobalSection(SolutionConfigurationPlatforms) = preSolution
		Debug|Any CPU = Debug|Any CPU
		Release|Any CPU = Release|Any CPU
	EndGlobalSection
	GlobalSection(ProjectConfigurationPlatforms) = postSolution
		{C6CF3141-3371-441B-B3D0-D47A6C477455}.Debug|Any CPU.ActiveCfg = Debug|Any CPU
		{C6CF3141-3371-441B-B3D0-D47A6C477455}.Debug|Any CPU.Build.0 = Debug|Any CPU
		{C6CF3141-3371-441B-B3D0-D47A6C477455}.Release|Any CPU.ActiveCfg = Release|Any CPU
		{C6CF3141-3371-441B-B3D0-D47A6C477455}.Release|Any CPU.Build.0 = Release|Any CPU
		{862834CB-F89B-43BC-9335-0995C947206D}.Debug|Any CPU.ActiveCfg = Debug|Any CPU
		{862834CB-F89B-43BC-9335-0995C947206D}.Debug|Any CPU.Build.0 = Debug|Any CPU
		{862834CB-F89B-43BC-9335-0995C947206D}.Release|Any CPU.ActiveCfg = Release|Any CPU
		{862834CB-F89B-43BC-9335-0995C947206D}.Release|Any CPU.Build.0 = Release|Any CPU
		{3D875D62-D50D-416E-A6C6-A2370B4200C5}.Debug|Any CPU.ActiveCfg = Debug|Any CPU
		{3D875D62-D50D-416E-A6C6-A2370B4200C5}.Debug|Any CPU.Build.0 = Debug|Any CPU
		{3D875D62-D50D-416E-A6C6-A2370B4200C5}.Release|Any CPU.ActiveCfg = Release|Any CPU
		{3D875D62-D50D-416E-A6C6-A2370B4200C5}.Release|Any CPU.Build.0 = Release|Any CPU
	EndGlobalSection
	GlobalSection(SolutionProperties) = preSolution
		HideSolutionNode = FALSE
	EndGlobalSection
	GlobalSection(ExtensibilityGlobals) = postSolution
		SolutionGuid = {856688FE-75CA-4CDA-922C-E573BE3CA537}
	EndGlobalSection
EndGlobal
