
Microsoft Visual Studio Solution File, Format Version 12.00
# Visual Studio Version 17
VisualStudioVersion = 17.0.31521.260
MinimumVisualStudioVersion = 10.0.40219.1
Project("{FAE04EC0-301F-11D3-BF4B-00C04F79EFBC}") = "WebRtcDemoBackend", "WebRtcDemoBackend\WebRtcDemoBackend.csproj", "{C6CF3141-3371-441B-B3D0-D47A6C477455}"
EndProject
Global
	GlobalSection(SolutionConfigurationPlatforms) = preSolution
		Debug|Any CPU = Debug|Any CPU
		Release|Any CPU = Release|Any CPU
	EndGlobalSection
	GlobalSection(ProjectConfigurationPlatforms) = postSolution
		{C6CF3141-3371-441B-B3D0-D47A6C477455}.Debug|Any CPU.ActiveCfg = Debug|Any CPU
		{C6CF3141-3371-441B-B3D0-D47A6C477455}.Debug|Any CPU.Build.0 = Debug|Any CPU
		{C6CF3141-3371-441B-B3D0-D47A6C477455}.Release|Any CPU.ActiveCfg = Release|Any CPU
		{C6CF3141-3371-441B-B3D0-D47A6C477455}.Release|Any CPU.Build.0 = Release|Any CPU
	EndGlobalSection
	GlobalSection(SolutionProperties) = preSolution
		HideSolutionNode = FALSE
	EndGlobalSection
	GlobalSection(ExtensibilityGlobals) = postSolution
		SolutionGuid = {856688FE-75CA-4CDA-922C-E573BE3CA537}
	EndGlobalSection
EndGlobal
